
Microsoft Visual Studio Solution File, Format Version 12.00
# Visual Studio Version 17
VisualStudioVersion = 17.6.33815.320
MinimumVisualStudioVersion = 10.0.40219.1
Project("{2150E333-8FDC-42A3-9474-1A3956D46DE8}") = "modules", "modules", "{ED43BB1F-3B45-466C-8A0F-177036844A85}"
EndProject
Project("{2150E333-8FDC-42A3-9474-1A3956D46DE8}") = "streaming", "streaming", "{2AE0DF8E-0EF5-4E9C-9055-6DB191DD8D12}"
EndProject
Project("{2150E333-8FDC-42A3-9474-1A3956D46DE8}") = "business", "business", "{81DCA287-3469-4FBC-8EAB-CD64F696DB58}"
EndProject
Project("{9A19103F-16F7-4668-BE54-9A1E7A4F7556}") = "API", "API\API.csproj", "{545D0A8E-8F79-40F0-B755-BC491A43155F}"
EndProject
Project("{9A19103F-16F7-4668-BE54-9A1E7A4F7556}") = "Module.Streaming", "Module.Streaming\Module.Streaming.csproj", "{3F572906-7F72-4EF1-AC60-EDD095D17BD9}"
EndProject
Project("{9A19103F-16F7-4668-BE54-9A1E7A4F7556}") = "Module.Streaming.Contracts", "Module.Streaming.Contracts\Module.Streaming.Contracts.csproj", "{EF6D8E3D-305E-4212-919B-729918B7534B}"
EndProject
Project("{9A19103F-16F7-4668-BE54-9A1E7A4F7556}") = "Module.Streaming.Tests", "Module.Streaming.Tests\Module.Streaming.Tests.csproj", "{0F8C6492-58AF-4514-BFE4-6F3D6C95647A}"
EndProject
Project("{9A19103F-16F7-4668-BE54-9A1E7A4F7556}") = "Module.Business", "Module.Business\Module.Business.csproj", "{2BFE277C-55C0-4DFD-B8DD-002B2A16C0EF}"
EndProject
Project("{9A19103F-16F7-4668-BE54-9A1E7A4F7556}") = "Module.Business.Contracts", "Module.Business.Contracts\Module.Business.Contracts.csproj", "{401C1685-2275-43E7-B160-3A7E163ECCE8}"
EndProject
Project("{9A19103F-16F7-4668-BE54-9A1E7A4F7556}") = "Module.Business.Tests", "Module.Business.Tests\Module.Business.Tests.csproj", "{C72082C6-BC4D-4187-A49E-E571D95B6BB4}"
EndProject
Project("{FAE04EC0-301F-11D3-BF4B-00C04F79EFBC}") = "Service.Logging", "Service.Logging\Service.Logging.csproj", "{D4AD96ED-AC10-43BD-97FF-63317BEE1523}"
EndProject
Global
	GlobalSection(SolutionConfigurationPlatforms) = preSolution
		Debug|Any CPU = Debug|Any CPU
		Release|Any CPU = Release|Any CPU
	EndGlobalSection
	GlobalSection(ProjectConfigurationPlatforms) = postSolution
		{545D0A8E-8F79-40F0-B755-BC491A43155F}.Debug|Any CPU.ActiveCfg = Debug|Any CPU
		{545D0A8E-8F79-40F0-B755-BC491A43155F}.Debug|Any CPU.Build.0 = Debug|Any CPU
		{545D0A8E-8F79-40F0-B755-BC491A43155F}.Release|Any CPU.ActiveCfg = Release|Any CPU
		{545D0A8E-8F79-40F0-B755-BC491A43155F}.Release|Any CPU.Build.0 = Release|Any CPU
		{3F572906-7F72-4EF1-AC60-EDD095D17BD9}.Debug|Any CPU.ActiveCfg = Debug|Any CPU
		{3F572906-7F72-4EF1-AC60-EDD095D17BD9}.Debug|Any CPU.Build.0 = Debug|Any CPU
		{3F572906-7F72-4EF1-AC60-EDD095D17BD9}.Release|Any CPU.ActiveCfg = Release|Any CPU
		{3F572906-7F72-4EF1-AC60-EDD095D17BD9}.Release|Any CPU.Build.0 = Release|Any CPU
		{EF6D8E3D-305E-4212-919B-729918B7534B}.Debug|Any CPU.ActiveCfg = Debug|Any CPU
		{EF6D8E3D-305E-4212-919B-729918B7534B}.Debug|Any CPU.Build.0 = Debug|Any CPU
		{EF6D8E3D-305E-4212-919B-729918B7534B}.Release|Any CPU.ActiveCfg = Release|Any CPU
		{EF6D8E3D-305E-4212-919B-729918B7534B}.Release|Any CPU.Build.0 = Release|Any CPU
		{0F8C6492-58AF-4514-BFE4-6F3D6C95647A}.Debug|Any CPU.ActiveCfg = Debug|Any CPU
		{0F8C6492-58AF-4514-BFE4-6F3D6C95647A}.Debug|Any CPU.Build.0 = Debug|Any CPU
		{0F8C6492-58AF-4514-BFE4-6F3D6C95647A}.Release|Any CPU.ActiveCfg = Release|Any CPU
		{0F8C6492-58AF-4514-BFE4-6F3D6C95647A}.Release|Any CPU.Build.0 = Release|Any CPU
		{2BFE277C-55C0-4DFD-B8DD-002B2A16C0EF}.Debug|Any CPU.ActiveCfg = Debug|Any CPU
		{2BFE277C-55C0-4DFD-B8DD-002B2A16C0EF}.Debug|Any CPU.Build.0 = Debug|Any CPU
		{2BFE277C-55C0-4DFD-B8DD-002B2A16C0EF}.Release|Any CPU.ActiveCfg = Release|Any CPU
		{2BFE277C-55C0-4DFD-B8DD-002B2A16C0EF}.Release|Any CPU.Build.0 = Release|Any CPU
		{401C1685-2275-43E7-B160-3A7E163ECCE8}.Debug|Any CPU.ActiveCfg = Debug|Any CPU
		{401C1685-2275-43E7-B160-3A7E163ECCE8}.Debug|Any CPU.Build.0 = Debug|Any CPU
		{401C1685-2275-43E7-B160-3A7E163ECCE8}.Release|Any CPU.ActiveCfg = Release|Any CPU
		{401C1685-2275-43E7-B160-3A7E163ECCE8}.Release|Any CPU.Build.0 = Release|Any CPU
		{C72082C6-BC4D-4187-A49E-E571D95B6BB4}.Debug|Any CPU.ActiveCfg = Debug|Any CPU
		{C72082C6-BC4D-4187-A49E-E571D95B6BB4}.Debug|Any CPU.Build.0 = Debug|Any CPU
		{C72082C6-BC4D-4187-A49E-E571D95B6BB4}.Release|Any CPU.ActiveCfg = Release|Any CPU
		{C72082C6-BC4D-4187-A49E-E571D95B6BB4}.Release|Any CPU.Build.0 = Release|Any CPU
		{D4AD96ED-AC10-43BD-97FF-63317BEE1523}.Debug|Any CPU.ActiveCfg = Debug|Any CPU
		{D4AD96ED-AC10-43BD-97FF-63317BEE1523}.Debug|Any CPU.Build.0 = Debug|Any CPU
		{D4AD96ED-AC10-43BD-97FF-63317BEE1523}.Release|Any CPU.ActiveCfg = Release|Any CPU
		{D4AD96ED-AC10-43BD-97FF-63317BEE1523}.Release|Any CPU.Build.0 = Release|Any CPU
	EndGlobalSection
	GlobalSection(SolutionProperties) = preSolution
		HideSolutionNode = FALSE
	EndGlobalSection
	GlobalSection(NestedProjects) = preSolution
		{2AE0DF8E-0EF5-4E9C-9055-6DB191DD8D12} = {ED43BB1F-3B45-466C-8A0F-177036844A85}
		{81DCA287-3469-4FBC-8EAB-CD64F696DB58} = {ED43BB1F-3B45-466C-8A0F-177036844A85}
		{3F572906-7F72-4EF1-AC60-EDD095D17BD9} = {2AE0DF8E-0EF5-4E9C-9055-6DB191DD8D12}
		{EF6D8E3D-305E-4212-919B-729918B7534B} = {2AE0DF8E-0EF5-4E9C-9055-6DB191DD8D12}
		{0F8C6492-58AF-4514-BFE4-6F3D6C95647A} = {2AE0DF8E-0EF5-4E9C-9055-6DB191DD8D12}
		{2BFE277C-55C0-4DFD-B8DD-002B2A16C0EF} = {81DCA287-3469-4FBC-8EAB-CD64F696DB58}
		{401C1685-2275-43E7-B160-3A7E163ECCE8} = {81DCA287-3469-4FBC-8EAB-CD64F696DB58}
		{C72082C6-BC4D-4187-A49E-E571D95B6BB4} = {81DCA287-3469-4FBC-8EAB-CD64F696DB58}
	EndGlobalSection
	GlobalSection(ExtensibilityGlobals) = postSolution
		SolutionGuid = {5B0304DB-BDAC-42F0-9EC4-E9254015EE3D}
	EndGlobalSection
EndGlobal
