
Microsoft Visual Studio Solution File, Format Version 12.00
# Visual Studio Version 17
VisualStudioVersion = 17.6.33723.286
MinimumVisualStudioVersion = 10.0.40219.1
Project("{9A19103F-16F7-4668-BE54-9A1E7A4F7556}") = "Server.Core.Domain", "Server.Core.Domain\Server.Core.Domain.csproj", "{5BAFFF3A-9E2C-4726-935F-90A8EAE37BDA}"
EndProject
Project("{9A19103F-16F7-4668-BE54-9A1E7A4F7556}") = "Server.Core.Application", "Server.Core.Servicing\Server.Core.Application.csproj", "{C1CB4905-432F-4B66-B660-36C4F0F6181C}"
EndProject
Project("{9A19103F-16F7-4668-BE54-9A1E7A4F7556}") = "Server.Core.Infrastructure", "Server.Core.Infrastructure\Server.Core.Infrastructure.csproj", "{81825D62-894B-420E-88E4-6AC22CD76CA4}"
EndProject
Project("{9A19103F-16F7-4668-BE54-9A1E7A4F7556}") = "Server.Presentation.Contracts", "Server.Presentation.Contracts\Server.Presentation.Contracts.csproj", "{68B0A920-316C-4B95-98F1-9A0E7F206FE0}"
EndProject
Project("{9A19103F-16F7-4668-BE54-9A1E7A4F7556}") = "Server.Presentation.API", "Server.Presentation.API\Server.Presentation.API.csproj", "{0EAB6618-AB70-4646-A596-68382B99749E}"
EndProject
Project("{9A19103F-16F7-4668-BE54-9A1E7A4F7556}") = "Server.Testing", "Server.Testing\Server.Testing.csproj", "{8D5C14E3-1ABA-478D-B49D-73C6EF340171}"
EndProject
Project("{2150E333-8FDC-42A3-9474-1A3956D46DE8}") = "core", "core", "{D26837FD-BCB0-493E-B784-01ABBAD584FE}"
EndProject
Project("{2150E333-8FDC-42A3-9474-1A3956D46DE8}") = "presentation", "presentation", "{37F77986-50A9-46F5-B583-05F8C92A346C}"
EndProject
Project("{2150E333-8FDC-42A3-9474-1A3956D46DE8}") = "testing", "testing", "{C0816F65-6C51-4F96-86E2-AB2DFDDC6764}"
EndProject
Global
	GlobalSection(SolutionConfigurationPlatforms) = preSolution
		Debug|Any CPU = Debug|Any CPU
		Release|Any CPU = Release|Any CPU
	EndGlobalSection
	GlobalSection(ProjectConfigurationPlatforms) = postSolution
		{5BAFFF3A-9E2C-4726-935F-90A8EAE37BDA}.Debug|Any CPU.ActiveCfg = Debug|Any CPU
		{5BAFFF3A-9E2C-4726-935F-90A8EAE37BDA}.Debug|Any CPU.Build.0 = Debug|Any CPU
		{5BAFFF3A-9E2C-4726-935F-90A8EAE37BDA}.Release|Any CPU.ActiveCfg = Release|Any CPU
		{5BAFFF3A-9E2C-4726-935F-90A8EAE37BDA}.Release|Any CPU.Build.0 = Release|Any CPU
		{C1CB4905-432F-4B66-B660-36C4F0F6181C}.Debug|Any CPU.ActiveCfg = Debug|Any CPU
		{C1CB4905-432F-4B66-B660-36C4F0F6181C}.Debug|Any CPU.Build.0 = Debug|Any CPU
		{C1CB4905-432F-4B66-B660-36C4F0F6181C}.Release|Any CPU.ActiveCfg = Release|Any CPU
		{C1CB4905-432F-4B66-B660-36C4F0F6181C}.Release|Any CPU.Build.0 = Release|Any CPU
		{81825D62-894B-420E-88E4-6AC22CD76CA4}.Debug|Any CPU.ActiveCfg = Debug|Any CPU
		{81825D62-894B-420E-88E4-6AC22CD76CA4}.Debug|Any CPU.Build.0 = Debug|Any CPU
		{81825D62-894B-420E-88E4-6AC22CD76CA4}.Release|Any CPU.ActiveCfg = Release|Any CPU
		{81825D62-894B-420E-88E4-6AC22CD76CA4}.Release|Any CPU.Build.0 = Release|Any CPU
		{68B0A920-316C-4B95-98F1-9A0E7F206FE0}.Debug|Any CPU.ActiveCfg = Debug|Any CPU
		{68B0A920-316C-4B95-98F1-9A0E7F206FE0}.Debug|Any CPU.Build.0 = Debug|Any CPU
		{68B0A920-316C-4B95-98F1-9A0E7F206FE0}.Release|Any CPU.ActiveCfg = Release|Any CPU
		{68B0A920-316C-4B95-98F1-9A0E7F206FE0}.Release|Any CPU.Build.0 = Release|Any CPU
		{0EAB6618-AB70-4646-A596-68382B99749E}.Debug|Any CPU.ActiveCfg = Debug|Any CPU
		{0EAB6618-AB70-4646-A596-68382B99749E}.Debug|Any CPU.Build.0 = Debug|Any CPU
		{0EAB6618-AB70-4646-A596-68382B99749E}.Release|Any CPU.ActiveCfg = Release|Any CPU
		{0EAB6618-AB70-4646-A596-68382B99749E}.Release|Any CPU.Build.0 = Release|Any CPU
		{8D5C14E3-1ABA-478D-B49D-73C6EF340171}.Debug|Any CPU.ActiveCfg = Debug|Any CPU
		{8D5C14E3-1ABA-478D-B49D-73C6EF340171}.Debug|Any CPU.Build.0 = Debug|Any CPU
		{8D5C14E3-1ABA-478D-B49D-73C6EF340171}.Release|Any CPU.ActiveCfg = Release|Any CPU
		{8D5C14E3-1ABA-478D-B49D-73C6EF340171}.Release|Any CPU.Build.0 = Release|Any CPU
	EndGlobalSection
	GlobalSection(SolutionProperties) = preSolution
		HideSolutionNode = FALSE
	EndGlobalSection
	GlobalSection(NestedProjects) = preSolution
		{5BAFFF3A-9E2C-4726-935F-90A8EAE37BDA} = {D26837FD-BCB0-493E-B784-01ABBAD584FE}
		{C1CB4905-432F-4B66-B660-36C4F0F6181C} = {D26837FD-BCB0-493E-B784-01ABBAD584FE}
		{81825D62-894B-420E-88E4-6AC22CD76CA4} = {D26837FD-BCB0-493E-B784-01ABBAD584FE}
		{68B0A920-316C-4B95-98F1-9A0E7F206FE0} = {37F77986-50A9-46F5-B583-05F8C92A346C}
		{0EAB6618-AB70-4646-A596-68382B99749E} = {37F77986-50A9-46F5-B583-05F8C92A346C}
		{8D5C14E3-1ABA-478D-B49D-73C6EF340171} = {C0816F65-6C51-4F96-86E2-AB2DFDDC6764}
	EndGlobalSection
	GlobalSection(ExtensibilityGlobals) = postSolution
		SolutionGuid = {48FB6E77-0372-46B7-8F00-A6E252C6E13D}
	EndGlobalSection
EndGlobal
